
Microsoft Visual Studio Solution File, Format Version 12.00
# Visual Studio Version 17
VisualStudioVersion = 17.14.36221.1 d17.14
MinimumVisualStudioVersion = 10.0.40219.1
Project("{FAE04EC0-301F-11D3-BF4B-00C04F79EFBC}") = "VideoStore.Application", "VideoStore.Application\VideoStore.Application.csproj", "{30114BE9-5093-4D45-8DA4-8E049C64858B}"
EndProject
Project("{FAE04EC0-301F-11D3-BF4B-00C04F79EFBC}") = "VideoStore.Api", "VideoStore.Api\VideoStore.Api.csproj", "{CFFE82E0-9B03-4878-9F81-1384760E5F31}"
EndProject
Global
	GlobalSection(SolutionConfigurationPlatforms) = preSolution
		Debug|Any CPU = Debug|Any CPU
		Release|Any CPU = Release|Any CPU
	EndGlobalSection
	GlobalSection(ProjectConfigurationPlatforms) = postSolution
		{30114BE9-5093-4D45-8DA4-8E049C64858B}.Debug|Any CPU.ActiveCfg = Debug|Any CPU
		{30114BE9-5093-4D45-8DA4-8E049C64858B}.Debug|Any CPU.Build.0 = Debug|Any CPU
		{30114BE9-5093-4D45-8DA4-8E049C64858B}.Release|Any CPU.ActiveCfg = Release|Any CPU
		{30114BE9-5093-4D45-8DA4-8E049C64858B}.Release|Any CPU.Build.0 = Release|Any CPU
		{CFFE82E0-9B03-4878-9F81-1384760E5F31}.Debug|Any CPU.ActiveCfg = Debug|Any CPU
		{CFFE82E0-9B03-4878-9F81-1384760E5F31}.Debug|Any CPU.Build.0 = Debug|Any CPU
		{CFFE82E0-9B03-4878-9F81-1384760E5F31}.Release|Any CPU.ActiveCfg = Release|Any CPU
		{CFFE82E0-9B03-4878-9F81-1384760E5F31}.Release|Any CPU.Build.0 = Release|Any CPU
	EndGlobalSection
	GlobalSection(SolutionProperties) = preSolution
		HideSolutionNode = FALSE
	EndGlobalSection
	GlobalSection(ExtensibilityGlobals) = postSolution
		SolutionGuid = {2D449AC4-BB55-4B39-BA37-6DBA549D2FB0}
	EndGlobalSection
EndGlobal
